
Microsoft Visual Studio Solution File, Format Version 12.00
# Visual Studio 15
VisualStudioVersion = 15.0.26730.12
MinimumVisualStudioVersion = 10.0.40219.1
Project("{FAE04EC0-301F-11D3-BF4B-00C04F79EFBC}") = "Bowling", "Bowling\Bowling.csproj", "{C77B972B-5E1A-4616-A89C-6FDFE1E8ACFB}"
EndProject
Project("{FAE04EC0-301F-11D3-BF4B-00C04F79EFBC}") = "BowlingTest", "BowlingTest\BowlingTest.csproj", "{F7E6ABDB-40CE-4021-9E30-EAE1B593F4AC}"
EndProject
Global
	GlobalSection(SolutionConfigurationPlatforms) = preSolution
		Debug|Any CPU = Debug|Any CPU
		Release|Any CPU = Release|Any CPU
	EndGlobalSection
	GlobalSection(ProjectConfigurationPlatforms) = postSolution
		{C77B972B-5E1A-4616-A89C-6FDFE1E8ACFB}.Debug|Any CPU.ActiveCfg = Debug|Any CPU
		{C77B972B-5E1A-4616-A89C-6FDFE1E8ACFB}.Debug|Any CPU.Build.0 = Debug|Any CPU
		{C77B972B-5E1A-4616-A89C-6FDFE1E8ACFB}.Release|Any CPU.ActiveCfg = Release|Any CPU
		{C77B972B-5E1A-4616-A89C-6FDFE1E8ACFB}.Release|Any CPU.Build.0 = Release|Any CPU
		{F7E6ABDB-40CE-4021-9E30-EAE1B593F4AC}.Debug|Any CPU.ActiveCfg = Debug|Any CPU
		{F7E6ABDB-40CE-4021-9E30-EAE1B593F4AC}.Debug|Any CPU.Build.0 = Debug|Any CPU
		{F7E6ABDB-40CE-4021-9E30-EAE1B593F4AC}.Release|Any CPU.ActiveCfg = Release|Any CPU
		{F7E6ABDB-40CE-4021-9E30-EAE1B593F4AC}.Release|Any CPU.Build.0 = Release|Any CPU
	EndGlobalSection
	GlobalSection(SolutionProperties) = preSolution
		HideSolutionNode = FALSE
	EndGlobalSection
	GlobalSection(ExtensibilityGlobals) = postSolution
		SolutionGuid = {2615FA94-3DB2-43B4-B35D-3D5FAEBCA7E6}
	EndGlobalSection
EndGlobal
